// !$*UTF8*$!
{
	archiveVersion = 1;
	classes = {
	};
	objectVersion = 56;
	objects = {

/* Begin PBXBuildFile section */
		942653272C5CF70300F2D868 /* DetailedSingleDayForecast.swift in Sources */ = {isa = PBXBuildFile; fileRef = 942653262C5CF70300F2D868 /* DetailedSingleDayForecast.swift */; };
		944D681E2C5647CC00B2389E /* MainViewController.swift in Sources */ = {isa = PBXBuildFile; fileRef = 944D681D2C5647CC00B2389E /* MainViewController.swift */; };
		9458B9712C5B6F6B00A690A1 /* LocationDetector.swift in Sources */ = {isa = PBXBuildFile; fileRef = 9458B9702C5B6F6B00A690A1 /* LocationDetector.swift */; };
		9458B9732C5B726800A690A1 /* TimeManager.swift in Sources */ = {isa = PBXBuildFile; fileRef = 9458B9722C5B726800A690A1 /* TimeManager.swift */; };
		9458B9752C5B8B1E00A690A1 /* SearchLocationViewController.swift in Sources */ = {isa = PBXBuildFile; fileRef = 9458B9742C5B8B1E00A690A1 /* SearchLocationViewController.swift */; };
		9458B9772C5B9F7500A690A1 /* AuthResponse.swift in Sources */ = {isa = PBXBuildFile; fileRef = 9458B9762C5B9F7500A690A1 /* AuthResponse.swift */; };
		9458B9792C5BA1B400A690A1 /* Location.swift in Sources */ = {isa = PBXBuildFile; fileRef = 9458B9782C5BA1B400A690A1 /* Location.swift */; };
		9458B97C2C5BA1D900A690A1 /* NetworkError.swift in Sources */ = {isa = PBXBuildFile; fileRef = 9458B97B2C5BA1D900A690A1 /* NetworkError.swift */; };
		9458B97E2C5BA2EE00A690A1 /* LocationList.swift in Sources */ = {isa = PBXBuildFile; fileRef = 9458B97D2C5BA2EE00A690A1 /* LocationList.swift */; };
		9458B9802C5BA35E00A690A1 /* WeeklySingleDay.swift in Sources */ = {isa = PBXBuildFile; fileRef = 9458B97F2C5BA35E00A690A1 /* WeeklySingleDay.swift */; };
		9458B9822C5BA37800A690A1 /* WeeklyForecast.swift in Sources */ = {isa = PBXBuildFile; fileRef = 9458B9812C5BA37800A690A1 /* WeeklyForecast.swift */; };
		9458B9892C5BB9DA00A690A1 /* CityNameMapping.swift in Sources */ = {isa = PBXBuildFile; fileRef = 9458B9882C5BB9DA00A690A1 /* CityNameMapping.swift */; };
		9458B98B2C5BBDF900A690A1 /* CommonComponents.swift in Sources */ = {isa = PBXBuildFile; fileRef = 9458B98A2C5BBDF900A690A1 /* CommonComponents.swift */; };
		9458B98D2C5C0FAE00A690A1 /* CityIdHelper.swift in Sources */ = {isa = PBXBuildFile; fileRef = 9458B98C2C5C0FAE00A690A1 /* CityIdHelper.swift */; };
		9458BA2B2C5CB42800A690A1 /* LocationConflictViewController.swift in Sources */ = {isa = PBXBuildFile; fileRef = 9458BA2A2C5CB42800A690A1 /* LocationConflictViewController.swift */; };
		94FE4A062C54DE00002A1420 /* AppDelegate.swift in Sources */ = {isa = PBXBuildFile; fileRef = 94FE4A052C54DE00002A1420 /* AppDelegate.swift */; };
		94FE4A0F2C54DE02002A1420 /* Assets.xcassets in Resources */ = {isa = PBXBuildFile; fileRef = 94FE4A0E2C54DE02002A1420 /* Assets.xcassets */; };
		94FE4A122C54DE02002A1420 /* Base in Resources */ = {isa = PBXBuildFile; fileRef = 94FE4A112C54DE02002A1420 /* Base */; };
		94FE4A1F2C54F385002A1420 /* ApiHandlerForeca.swift in Sources */ = {isa = PBXBuildFile; fileRef = 94FE4A1E2C54F385002A1420 /* ApiHandlerForeca.swift */; };
/* End PBXBuildFile section */

/* Begin PBXFileReference section */
		942653262C5CF70300F2D868 /* DetailedSingleDayForecast.swift */ = {isa = PBXFileReference; lastKnownFileType = sourcecode.swift; path = DetailedSingleDayForecast.swift; sourceTree = "<group>"; };
		944D681D2C5647CC00B2389E /* MainViewController.swift */ = {isa = PBXFileReference; lastKnownFileType = sourcecode.swift; path = MainViewController.swift; sourceTree = "<group>"; };
		9458B9702C5B6F6B00A690A1 /* LocationDetector.swift */ = {isa = PBXFileReference; lastKnownFileType = sourcecode.swift; path = LocationDetector.swift; sourceTree = "<group>"; };
		9458B9722C5B726800A690A1 /* TimeManager.swift */ = {isa = PBXFileReference; lastKnownFileType = sourcecode.swift; path = TimeManager.swift; sourceTree = "<group>"; };
		9458B9742C5B8B1E00A690A1 /* SearchLocationViewController.swift */ = {isa = PBXFileReference; lastKnownFileType = sourcecode.swift; path = SearchLocationViewController.swift; sourceTree = "<group>"; };
		9458B9762C5B9F7500A690A1 /* AuthResponse.swift */ = {isa = PBXFileReference; lastKnownFileType = sourcecode.swift; path = AuthResponse.swift; sourceTree = "<group>"; };
		9458B9782C5BA1B400A690A1 /* Location.swift */ = {isa = PBXFileReference; lastKnownFileType = sourcecode.swift; path = Location.swift; sourceTree = "<group>"; };
		9458B97B2C5BA1D900A690A1 /* NetworkError.swift */ = {isa = PBXFileReference; lastKnownFileType = sourcecode.swift; path = NetworkError.swift; sourceTree = "<group>"; };
		9458B97D2C5BA2EE00A690A1 /* LocationList.swift */ = {isa = PBXFileReference; lastKnownFileType = sourcecode.swift; path = LocationList.swift; sourceTree = "<group>"; };
		9458B97F2C5BA35E00A690A1 /* WeeklySingleDay.swift */ = {isa = PBXFileReference; lastKnownFileType = sourcecode.swift; path = WeeklySingleDay.swift; sourceTree = "<group>"; };
		9458B9812C5BA37800A690A1 /* WeeklyForecast.swift */ = {isa = PBXFileReference; lastKnownFileType = sourcecode.swift; path = WeeklyForecast.swift; sourceTree = "<group>"; };
		9458B9882C5BB9DA00A690A1 /* CityNameMapping.swift */ = {isa = PBXFileReference; lastKnownFileType = sourcecode.swift; path = CityNameMapping.swift; sourceTree = "<group>"; };
		9458B98A2C5BBDF900A690A1 /* CommonComponents.swift */ = {isa = PBXFileReference; lastKnownFileType = sourcecode.swift; path = CommonComponents.swift; sourceTree = "<group>"; };
		9458B98C2C5C0FAE00A690A1 /* CityIdHelper.swift */ = {isa = PBXFileReference; lastKnownFileType = sourcecode.swift; path = CityIdHelper.swift; sourceTree = "<group>"; };
		9458BA2A2C5CB42800A690A1 /* LocationConflictViewController.swift */ = {isa = PBXFileReference; lastKnownFileType = sourcecode.swift; path = LocationConflictViewController.swift; sourceTree = "<group>"; };
		94FE4A022C54DE00002A1420 /* OtusCourseWork1.app */ = {isa = PBXFileReference; explicitFileType = wrapper.application; includeInIndex = 0; path = OtusCourseWork1.app; sourceTree = BUILT_PRODUCTS_DIR; };
		94FE4A052C54DE00002A1420 /* AppDelegate.swift */ = {isa = PBXFileReference; lastKnownFileType = sourcecode.swift; path = AppDelegate.swift; sourceTree = "<group>"; };
		94FE4A0E2C54DE02002A1420 /* Assets.xcassets */ = {isa = PBXFileReference; lastKnownFileType = folder.assetcatalog; path = Assets.xcassets; sourceTree = "<group>"; };
		94FE4A112C54DE02002A1420 /* Base */ = {isa = PBXFileReference; lastKnownFileType = file.storyboard; name = Base; path = Base.lproj/LaunchScreen.storyboard; sourceTree = "<group>"; };
		94FE4A132C54DE02002A1420 /* Info.plist */ = {isa = PBXFileReference; lastKnownFileType = text.plist.xml; path = Info.plist; sourceTree = "<group>"; };
		94FE4A1E2C54F385002A1420 /* ApiHandlerForeca.swift */ = {isa = PBXFileReference; lastKnownFileType = sourcecode.swift; path = ApiHandlerForeca.swift; sourceTree = "<group>"; };
/* End PBXFileReference section */

/* Begin PBXFrameworksBuildPhase section */
		94FE49FF2C54DE00002A1420 /* Frameworks */ = {
			isa = PBXFrameworksBuildPhase;
			buildActionMask = 2147483647;
			files = (
			);
			runOnlyForDeploymentPostprocessing = 0;
		};
/* End PBXFrameworksBuildPhase section */

/* Begin PBXGroup section */
		944D68162C56476C00B2389E /* Models */ = {
			isa = PBXGroup;
			children = (
				9458B9842C5BA39D00A690A1 /* Common */,
				9458B9832C5BA39700A690A1 /* Foreca */,
				9458B9882C5BB9DA00A690A1 /* CityNameMapping.swift */,
			);
			path = Models;
			sourceTree = "<group>";
		};
		944D68182C56477D00B2389E /* Controllers */ = {
			isa = PBXGroup;
			children = (
				944D681D2C5647CC00B2389E /* MainViewController.swift */,
				9458B9742C5B8B1E00A690A1 /* SearchLocationViewController.swift */,
				9458B98A2C5BBDF900A690A1 /* CommonComponents.swift */,
				9458BA2A2C5CB42800A690A1 /* LocationConflictViewController.swift */,
			);
			path = Controllers;
			sourceTree = "<group>";
		};
		9458B96F2C5B6F5400A690A1 /* Helpers */ = {
			isa = PBXGroup;
			children = (
				9458B9702C5B6F6B00A690A1 /* LocationDetector.swift */,
				9458B9722C5B726800A690A1 /* TimeManager.swift */,
				9458B98C2C5C0FAE00A690A1 /* CityIdHelper.swift */,
			);
			path = Helpers;
			sourceTree = "<group>";
		};
		9458B9832C5BA39700A690A1 /* Foreca */ = {
			isa = PBXGroup;
			children = (
				9458B9852C5BA3A600A690A1 /* Auth */,
				9458B9862C5BA3AD00A690A1 /* Location */,
				9458B9872C5BA3BA00A690A1 /* Forecast */,
			);
			path = Foreca;
			sourceTree = "<group>";
		};
		9458B9842C5BA39D00A690A1 /* Common */ = {
			isa = PBXGroup;
			children = (
				9458B97B2C5BA1D900A690A1 /* NetworkError.swift */,
			);
			path = Common;
			sourceTree = "<group>";
		};
		9458B9852C5BA3A600A690A1 /* Auth */ = {
			isa = PBXGroup;
			children = (
				9458B9762C5B9F7500A690A1 /* AuthResponse.swift */,
			);
			path = Auth;
			sourceTree = "<group>";
		};
		9458B9862C5BA3AD00A690A1 /* Location */ = {
			isa = PBXGroup;
			children = (
				9458B9782C5BA1B400A690A1 /* Location.swift */,
				9458B97D2C5BA2EE00A690A1 /* LocationList.swift */,
			);
			path = Location;
			sourceTree = "<group>";
		};
		9458B9872C5BA3BA00A690A1 /* Forecast */ = {
			isa = PBXGroup;
			children = (
				9458B97F2C5BA35E00A690A1 /* WeeklySingleDay.swift */,
				9458B9812C5BA37800A690A1 /* WeeklyForecast.swift */,
				942653262C5CF70300F2D868 /* DetailedSingleDayForecast.swift */,
			);
			path = Forecast;
			sourceTree = "<group>";
		};
		94FE49F92C54DE00002A1420 = {
			isa = PBXGroup;
			children = (
				94FE4A042C54DE00002A1420 /* OtusCourseWork1 */,
				94FE4A032C54DE00002A1420 /* Products */,
			);
			sourceTree = "<group>";
		};
		94FE4A032C54DE00002A1420 /* Products */ = {
			isa = PBXGroup;
			children = (
				94FE4A022C54DE00002A1420 /* OtusCourseWork1.app */,
			);
			name = Products;
			sourceTree = "<group>";
		};
		94FE4A042C54DE00002A1420 /* OtusCourseWork1 */ = {
			isa = PBXGroup;
			children = (
				9458B96F2C5B6F5400A690A1 /* Helpers */,
				944D68182C56477D00B2389E /* Controllers */,
				944D68162C56476C00B2389E /* Models */,
				94FE4A1D2C54F33C002A1420 /* Network */,
				94FE4A052C54DE00002A1420 /* AppDelegate.swift */,
				94FE4A0E2C54DE02002A1420 /* Assets.xcassets */,
				94FE4A102C54DE02002A1420 /* LaunchScreen.storyboard */,
				94FE4A132C54DE02002A1420 /* Info.plist */,
			);
			path = OtusCourseWork1;
			sourceTree = "<group>";
		};
		94FE4A1D2C54F33C002A1420 /* Network */ = {
			isa = PBXGroup;
			children = (
				94FE4A1E2C54F385002A1420 /* ApiHandlerForeca.swift */,
			);
			path = Network;
			sourceTree = "<group>";
		};
/* End PBXGroup section */

/* Begin PBXNativeTarget section */
		94FE4A012C54DE00002A1420 /* OtusCourseWork1 */ = {
			isa = PBXNativeTarget;
			buildConfigurationList = 94FE4A162C54DE02002A1420 /* Build configuration list for PBXNativeTarget "OtusCourseWork1" */;
			buildPhases = (
				94FE49FE2C54DE00002A1420 /* Sources */,
				94FE49FF2C54DE00002A1420 /* Frameworks */,
				94FE4A002C54DE00002A1420 /* Resources */,
			);
			buildRules = (
			);
			dependencies = (
			);
			name = OtusCourseWork1;
			productName = OtusCourseWork1;
			productReference = 94FE4A022C54DE00002A1420 /* OtusCourseWork1.app */;
			productType = "com.apple.product-type.application";
		};
/* End PBXNativeTarget section */

/* Begin PBXProject section */
		94FE49FA2C54DE00002A1420 /* Project object */ = {
			isa = PBXProject;
			attributes = {
				BuildIndependentTargetsInParallel = 1;
				LastSwiftUpdateCheck = 1540;
				LastUpgradeCheck = 1540;
				TargetAttributes = {
					94FE4A012C54DE00002A1420 = {
						CreatedOnToolsVersion = 15.4;
					};
				};
			};
			buildConfigurationList = 94FE49FD2C54DE00002A1420 /* Build configuration list for PBXProject "OtusCourseWork1" */;
			compatibilityVersion = "Xcode 14.0";
			developmentRegion = en;
			hasScannedForEncodings = 0;
			knownRegions = (
				en,
				Base,
			);
			mainGroup = 94FE49F92C54DE00002A1420;
			productRefGroup = 94FE4A032C54DE00002A1420 /* Products */;
			projectDirPath = "";
			projectRoot = "";
			targets = (
				94FE4A012C54DE00002A1420 /* OtusCourseWork1 */,
			);
		};
/* End PBXProject section */

/* Begin PBXResourcesBuildPhase section */
		94FE4A002C54DE00002A1420 /* Resources */ = {
			isa = PBXResourcesBuildPhase;
			buildActionMask = 2147483647;
			files = (
				94FE4A0F2C54DE02002A1420 /* Assets.xcassets in Resources */,
				94FE4A122C54DE02002A1420 /* Base in Resources */,
			);
			runOnlyForDeploymentPostprocessing = 0;
		};
/* End PBXResourcesBuildPhase section */

/* Begin PBXSourcesBuildPhase section */
		94FE49FE2C54DE00002A1420 /* Sources */ = {
			isa = PBXSourcesBuildPhase;
			buildActionMask = 2147483647;
			files = (
				9458B9752C5B8B1E00A690A1 /* SearchLocationViewController.swift in Sources */,
				9458B9892C5BB9DA00A690A1 /* CityNameMapping.swift in Sources */,
				944D681E2C5647CC00B2389E /* MainViewController.swift in Sources */,
				9458B9732C5B726800A690A1 /* TimeManager.swift in Sources */,
				9458B9792C5BA1B400A690A1 /* Location.swift in Sources */,
				9458B9802C5BA35E00A690A1 /* WeeklySingleDay.swift in Sources */,
				9458B97E2C5BA2EE00A690A1 /* LocationList.swift in Sources */,
				9458B9712C5B6F6B00A690A1 /* LocationDetector.swift in Sources */,
				942653272C5CF70300F2D868 /* DetailedSingleDayForecast.swift in Sources */,
				9458B98B2C5BBDF900A690A1 /* CommonComponents.swift in Sources */,
				9458B9822C5BA37800A690A1 /* WeeklyForecast.swift in Sources */,
				9458BA2B2C5CB42800A690A1 /* LocationConflictViewController.swift in Sources */,
				94FE4A1F2C54F385002A1420 /* ApiHandlerForeca.swift in Sources */,
				9458B98D2C5C0FAE00A690A1 /* CityIdHelper.swift in Sources */,
				9458B9772C5B9F7500A690A1 /* AuthResponse.swift in Sources */,
				94FE4A062C54DE00002A1420 /* AppDelegate.swift in Sources */,
				9458B97C2C5BA1D900A690A1 /* NetworkError.swift in Sources */,
			);
			runOnlyForDeploymentPostprocessing = 0;
		};
/* End PBXSourcesBuildPhase section */

/* Begin PBXVariantGroup section */
		94FE4A102C54DE02002A1420 /* LaunchScreen.storyboard */ = {
			isa = PBXVariantGroup;
			children = (
				94FE4A112C54DE02002A1420 /* Base */,
			);
			name = LaunchScreen.storyboard;
			sourceTree = "<group>";
		};
/* End PBXVariantGroup section */

/* Begin XCBuildConfiguration section */
		94FE4A142C54DE02002A1420 /* Debug */ = {
			isa = XCBuildConfiguration;
			buildSettings = {
				ALWAYS_SEARCH_USER_PATHS = NO;
				ASSETCATALOG_COMPILER_GENERATE_SWIFT_ASSET_SYMBOL_EXTENSIONS = YES;
				CLANG_ANALYZER_NONNULL = YES;
				CLANG_ANALYZER_NUMBER_OBJECT_CONVERSION = YES_AGGRESSIVE;
				CLANG_CXX_LANGUAGE_STANDARD = "gnu++20";
				CLANG_ENABLE_MODULES = YES;
				CLANG_ENABLE_OBJC_ARC = YES;
				CLANG_ENABLE_OBJC_WEAK = YES;
				CLANG_WARN_BLOCK_CAPTURE_AUTORELEASING = YES;
				CLANG_WARN_BOOL_CONVERSION = YES;
				CLANG_WARN_COMMA = YES;
				CLANG_WARN_CONSTANT_CONVERSION = YES;
				CLANG_WARN_DEPRECATED_OBJC_IMPLEMENTATIONS = YES;
				CLANG_WARN_DIRECT_OBJC_ISA_USAGE = YES_ERROR;
				CLANG_WARN_DOCUMENTATION_COMMENTS = YES;
				CLANG_WARN_EMPTY_BODY = YES;
				CLANG_WARN_ENUM_CONVERSION = YES;
				CLANG_WARN_INFINITE_RECURSION = YES;
				CLANG_WARN_INT_CONVERSION = YES;
				CLANG_WARN_NON_LITERAL_NULL_CONVERSION = YES;
				CLANG_WARN_OBJC_IMPLICIT_RETAIN_SELF = YES;
				CLANG_WARN_OBJC_LITERAL_CONVERSION = YES;
				CLANG_WARN_OBJC_ROOT_CLASS = YES_ERROR;
				CLANG_WARN_QUOTED_INCLUDE_IN_FRAMEWORK_HEADER = YES;
				CLANG_WARN_RANGE_LOOP_ANALYSIS = YES;
				CLANG_WARN_STRICT_PROTOTYPES = YES;
				CLANG_WARN_SUSPICIOUS_MOVE = YES;
				CLANG_WARN_UNGUARDED_AVAILABILITY = YES_AGGRESSIVE;
				CLANG_WARN_UNREACHABLE_CODE = YES;
				CLANG_WARN__DUPLICATE_METHOD_MATCH = YES;
				COPY_PHASE_STRIP = NO;
				DEBUG_INFORMATION_FORMAT = dwarf;
				ENABLE_STRICT_OBJC_MSGSEND = YES;
				ENABLE_TESTABILITY = YES;
				ENABLE_USER_SCRIPT_SANDBOXING = YES;
				GCC_C_LANGUAGE_STANDARD = gnu17;
				GCC_DYNAMIC_NO_PIC = NO;
				GCC_NO_COMMON_BLOCKS = YES;
				GCC_OPTIMIZATION_LEVEL = 0;
				GCC_PREPROCESSOR_DEFINITIONS = (
					"DEBUG=1",
					"$(inherited)",
				);
				GCC_WARN_64_TO_32_BIT_CONVERSION = YES;
				GCC_WARN_ABOUT_RETURN_TYPE = YES_ERROR;
				GCC_WARN_UNDECLARED_SELECTOR = YES;
				GCC_WARN_UNINITIALIZED_AUTOS = YES_AGGRESSIVE;
				GCC_WARN_UNUSED_FUNCTION = YES;
				GCC_WARN_UNUSED_VARIABLE = YES;
				IPHONEOS_DEPLOYMENT_TARGET = 17.5;
				LOCALIZATION_PREFERS_STRING_CATALOGS = YES;
				MTL_ENABLE_DEBUG_INFO = INCLUDE_SOURCE;
				MTL_FAST_MATH = YES;
				ONLY_ACTIVE_ARCH = YES;
				SDKROOT = iphoneos;
				SWIFT_ACTIVE_COMPILATION_CONDITIONS = "DEBUG $(inherited)";
				SWIFT_OPTIMIZATION_LEVEL = "-Onone";
			};
			name = Debug;
		};
		94FE4A152C54DE02002A1420 /* Release */ = {
			isa = XCBuildConfiguration;
			buildSettings = {
				ALWAYS_SEARCH_USER_PATHS = NO;
				ASSETCATALOG_COMPILER_GENERATE_SWIFT_ASSET_SYMBOL_EXTENSIONS = YES;
				CLANG_ANALYZER_NONNULL = YES;
				CLANG_ANALYZER_NUMBER_OBJECT_CONVERSION = YES_AGGRESSIVE;
				CLANG_CXX_LANGUAGE_STANDARD = "gnu++20";
				CLANG_ENABLE_MODULES = YES;
				CLANG_ENABLE_OBJC_ARC = YES;
				CLANG_ENABLE_OBJC_WEAK = YES;
				CLANG_WARN_BLOCK_CAPTURE_AUTORELEASING = YES;
				CLANG_WARN_BOOL_CONVERSION = YES;
				CLANG_WARN_COMMA = YES;
				CLANG_WARN_CONSTANT_CONVERSION = YES;
				CLANG_WARN_DEPRECATED_OBJC_IMPLEMENTATIONS = YES;
				CLANG_WARN_DIRECT_OBJC_ISA_USAGE = YES_ERROR;
				CLANG_WARN_DOCUMENTATION_COMMENTS = YES;
				CLANG_WARN_EMPTY_BODY = YES;
				CLANG_WARN_ENUM_CONVERSION = YES;
				CLANG_WARN_INFINITE_RECURSION = YES;
				CLANG_WARN_INT_CONVERSION = YES;
				CLANG_WARN_NON_LITERAL_NULL_CONVERSION = YES;
				CLANG_WARN_OBJC_IMPLICIT_RETAIN_SELF = YES;
				CLANG_WARN_OBJC_LITERAL_CONVERSION = YES;
				CLANG_WARN_OBJC_ROOT_CLASS = YES_ERROR;
				CLANG_WARN_QUOTED_INCLUDE_IN_FRAMEWORK_HEADER = YES;
				CLANG_WARN_RANGE_LOOP_ANALYSIS = YES;
				CLANG_WARN_STRICT_PROTOTYPES = YES;
				CLANG_WARN_SUSPICIOUS_MOVE = YES;
				CLANG_WARN_UNGUARDED_AVAILABILITY = YES_AGGRESSIVE;
				CLANG_WARN_UNREACHABLE_CODE = YES;
				CLANG_WARN__DUPLICATE_METHOD_MATCH = YES;
				COPY_PHASE_STRIP = NO;
				DEBUG_INFORMATION_FORMAT = "dwarf-with-dsym";
				ENABLE_NS_ASSERTIONS = NO;
				ENABLE_STRICT_OBJC_MSGSEND = YES;
				ENABLE_USER_SCRIPT_SANDBOXING = YES;
				GCC_C_LANGUAGE_STANDARD = gnu17;
				GCC_NO_COMMON_BLOCKS = YES;
				GCC_WARN_64_TO_32_BIT_CONVERSION = YES;
				GCC_WARN_ABOUT_RETURN_TYPE = YES_ERROR;
				GCC_WARN_UNDECLARED_SELECTOR = YES;
				GCC_WARN_UNINITIALIZED_AUTOS = YES_AGGRESSIVE;
				GCC_WARN_UNUSED_FUNCTION = YES;
				GCC_WARN_UNUSED_VARIABLE = YES;
				IPHONEOS_DEPLOYMENT_TARGET = 17.5;
				LOCALIZATION_PREFERS_STRING_CATALOGS = YES;
				MTL_ENABLE_DEBUG_INFO = NO;
				MTL_FAST_MATH = YES;
				SDKROOT = iphoneos;
				SWIFT_COMPILATION_MODE = wholemodule;
				VALIDATE_PRODUCT = YES;
			};
			name = Release;
		};
		94FE4A172C54DE02002A1420 /* Debug */ = {
			isa = XCBuildConfiguration;
			buildSettings = {
				ASSETCATALOG_COMPILER_APPICON_NAME = AppIcon;
				ASSETCATALOG_COMPILER_GLOBAL_ACCENT_COLOR_NAME = AccentColor;
				CODE_SIGN_STYLE = Automatic;
				CURRENT_PROJECT_VERSION = 1;
				GENERATE_INFOPLIST_FILE = YES;
				INFOPLIST_FILE = OtusCourseWork1/Info.plist;
				INFOPLIST_KEY_UIApplicationSupportsIndirectInputEvents = YES;
				INFOPLIST_KEY_UILaunchStoryboardName = LaunchScreen;
				INFOPLIST_KEY_UISupportedInterfaceOrientations_iPad = "UIInterfaceOrientationPortrait UIInterfaceOrientationPortraitUpsideDown UIInterfaceOrientationLandscapeLeft UIInterfaceOrientationLandscapeRight";
				INFOPLIST_KEY_UISupportedInterfaceOrientations_iPhone = "UIInterfaceOrientationPortrait UIInterfaceOrientationLandscapeLeft UIInterfaceOrientationLandscapeRight";
				LD_RUNPATH_SEARCH_PATHS = (
					"$(inherited)",
					"@executable_path/Frameworks",
				);
				MARKETING_VERSION = 1.0;
				PRODUCT_BUNDLE_IDENTIFIER = dpotapov.OtusCourseWork1;
				PRODUCT_NAME = "$(TARGET_NAME)";
				SUPPORTED_PLATFORMS = "iphoneos iphonesimulator";
				SUPPORTS_MACCATALYST = NO;
				SUPPORTS_MAC_DESIGNED_FOR_IPHONE_IPAD = NO;
				SUPPORTS_XR_DESIGNED_FOR_IPHONE_IPAD = NO;
				SWIFT_EMIT_LOC_STRINGS = YES;
				SWIFT_VERSION = 5.0;
				TARGETED_DEVICE_FAMILY = 1;
			};
			name = Debug;
		};
		94FE4A182C54DE02002A1420 /* Release */ = {
			isa = XCBuildConfiguration;
			buildSettings = {
				ASSETCATALOG_COMPILER_APPICON_NAME = AppIcon;
				ASSETCATALOG_COMPILER_GLOBAL_ACCENT_COLOR_NAME = AccentColor;
				CODE_SIGN_STYLE = Automatic;
				CURRENT_PROJECT_VERSION = 1;
				GENERATE_INFOPLIST_FILE = YES;
				INFOPLIST_FILE = OtusCourseWork1/Info.plist;
				INFOPLIST_KEY_UIApplicationSupportsIndirectInputEvents = YES;
				INFOPLIST_KEY_UILaunchStoryboardName = LaunchScreen;
				INFOPLIST_KEY_UISupportedInterfaceOrientations_iPad = "UIInterfaceOrientationPortrait UIInterfaceOrientationPortraitUpsideDown UIInterfaceOrientationLandscapeLeft UIInterfaceOrientationLandscapeRight";
				INFOPLIST_KEY_UISupportedInterfaceOrientations_iPhone = "UIInterfaceOrientationPortrait UIInterfaceOrientationLandscapeLeft UIInterfaceOrientationLandscapeRight";
				LD_RUNPATH_SEARCH_PATHS = (
					"$(inherited)",
					"@executable_path/Frameworks",
				);
				MARKETING_VERSION = 1.0;
				PRODUCT_BUNDLE_IDENTIFIER = dpotapov.OtusCourseWork1;
				PRODUCT_NAME = "$(TARGET_NAME)";
				SUPPORTED_PLATFORMS = "iphoneos iphonesimulator";
				SUPPORTS_MACCATALYST = NO;
				SUPPORTS_MAC_DESIGNED_FOR_IPHONE_IPAD = NO;
				SUPPORTS_XR_DESIGNED_FOR_IPHONE_IPAD = NO;
				SWIFT_EMIT_LOC_STRINGS = YES;
				SWIFT_VERSION = 5.0;
				TARGETED_DEVICE_FAMILY = 1;
			};
			name = Release;
		};
/* End XCBuildConfiguration section */

/* Begin XCConfigurationList section */
		94FE49FD2C54DE00002A1420 /* Build configuration list for PBXProject "OtusCourseWork1" */ = {
			isa = XCConfigurationList;
			buildConfigurations = (
				94FE4A142C54DE02002A1420 /* Debug */,
				94FE4A152C54DE02002A1420 /* Release */,
			);
			defaultConfigurationIsVisible = 0;
			defaultConfigurationName = Release;
		};
		94FE4A162C54DE02002A1420 /* Build configuration list for PBXNativeTarget "OtusCourseWork1" */ = {
			isa = XCConfigurationList;
			buildConfigurations = (
				94FE4A172C54DE02002A1420 /* Debug */,
				94FE4A182C54DE02002A1420 /* Release */,
			);
			defaultConfigurationIsVisible = 0;
			defaultConfigurationName = Release;
		};
/* End XCConfigurationList section */
	};
	rootObject = 94FE49FA2C54DE00002A1420 /* Project object */;
}
